{
  "name": "sync-course-levels",
  "version": "1.0.0",
  "lockfileVersion": 3,
  "requires": true,
  "packages": {
    "": {
      "name": "sync-course-levels",
      "version": "1.0.0",
      "dependencies": {
        "@cloudbase/node-sdk": "^1.8.0"
      }
    },
    "node_modules": {
      "extraneous": true
    },
    "node_modules/@cloudbase/node-sdk": {
      "extraneous": true
    }
  }
}
